
Microsoft Visual Studio Solution File, Format Version 12.00
# Visual Studio Version 17
VisualStudioVersion = 17.1.32414.318
MinimumVisualStudioVersion = 10.0.40219.1
Project("{FAE04EC0-301F-11D3-BF4B-00C04F79EFBC}") = "StudyTimetable", "StudyTimetable\StudyTimetable.csproj", "{ED599DA4-0C18-4A68-9000-CD6960A15196}"
EndProject
Global
	GlobalSection(SolutionConfigurationPlatforms) = preSolution
		Debug|Any CPU = Debug|Any CPU
		Release|Any CPU = Release|Any CPU
	EndGlobalSection
	GlobalSection(ProjectConfigurationPlatforms) = postSolution
		{ED599DA4-0C18-4A68-9000-CD6960A15196}.Debug|Any CPU.ActiveCfg = Debug|Any CPU
		{ED599DA4-0C18-4A68-9000-CD6960A15196}.Debug|Any CPU.Build.0 = Debug|Any CPU
		{ED599DA4-0C18-4A68-9000-CD6960A15196}.Release|Any CPU.ActiveCfg = Release|Any CPU
		{ED599DA4-0C18-4A68-9000-CD6960A15196}.Release|Any CPU.Build.0 = Release|Any CPU
	EndGlobalSection
	GlobalSection(SolutionProperties) = preSolution
		HideSolutionNode = FALSE
	EndGlobalSection
	GlobalSection(ExtensibilityGlobals) = postSolution
		SolutionGuid = {0AE9CE70-E420-4734-8817-0980D8AD3ABE}
	EndGlobalSection
EndGlobal
